
Microsoft Visual Studio Solution File, Format Version 12.00
# Visual Studio 14
VisualStudioVersion = 14.0.25420.1
MinimumVisualStudioVersion = 10.0.40219.1
Project("{FAE04EC0-301F-11D3-BF4B-00C04F79EFBC}") = "SportsLotteryTicketNumber", "SportsLotteryTicketNumber\SportsLotteryTicketNumber.csproj", "{1F2108C5-9EB5-4173-BE56-6AB1AA816801}"
EndProject
Project("{FAE04EC0-301F-11D3-BF4B-00C04F79EFBC}") = "SportsLotteryTicketNumberBook", "SportsLotteryTicketNumberBook\SportsLotteryTicketNumberBook.csproj", "{C775721A-C443-4DEE-AD42-DF2A8AAAA72B}"
EndProject
Project("{FAE04EC0-301F-11D3-BF4B-00C04F79EFBC}") = "SportsLotteryTicketNumberBookVideo", "SportsLotteryTicketNumberBookVideo\SportsLotteryTicketNumberBookVideo.csproj", "{72791BB1-7C95-4660-A1F4-4FA2C45F5208}"
EndProject
Global
	GlobalSection(SolutionConfigurationPlatforms) = preSolution
		Debug|Any CPU = Debug|Any CPU
		Release|Any CPU = Release|Any CPU
	EndGlobalSection
	GlobalSection(ProjectConfigurationPlatforms) = postSolution
		{1F2108C5-9EB5-4173-BE56-6AB1AA816801}.Debug|Any CPU.ActiveCfg = Debug|Any CPU
		{1F2108C5-9EB5-4173-BE56-6AB1AA816801}.Debug|Any CPU.Build.0 = Debug|Any CPU
		{1F2108C5-9EB5-4173-BE56-6AB1AA816801}.Release|Any CPU.ActiveCfg = Release|Any CPU
		{1F2108C5-9EB5-4173-BE56-6AB1AA816801}.Release|Any CPU.Build.0 = Release|Any CPU
		{C775721A-C443-4DEE-AD42-DF2A8AAAA72B}.Debug|Any CPU.ActiveCfg = Debug|Any CPU
		{C775721A-C443-4DEE-AD42-DF2A8AAAA72B}.Debug|Any CPU.Build.0 = Debug|Any CPU
		{C775721A-C443-4DEE-AD42-DF2A8AAAA72B}.Release|Any CPU.ActiveCfg = Release|Any CPU
		{C775721A-C443-4DEE-AD42-DF2A8AAAA72B}.Release|Any CPU.Build.0 = Release|Any CPU
		{72791BB1-7C95-4660-A1F4-4FA2C45F5208}.Debug|Any CPU.ActiveCfg = Debug|Any CPU
		{72791BB1-7C95-4660-A1F4-4FA2C45F5208}.Debug|Any CPU.Build.0 = Debug|Any CPU
		{72791BB1-7C95-4660-A1F4-4FA2C45F5208}.Release|Any CPU.ActiveCfg = Release|Any CPU
		{72791BB1-7C95-4660-A1F4-4FA2C45F5208}.Release|Any CPU.Build.0 = Release|Any CPU
	EndGlobalSection
	GlobalSection(SolutionProperties) = preSolution
		HideSolutionNode = FALSE
	EndGlobalSection
EndGlobal
